// !$*UTF8*$!
{
	archiveVersion = 1;
	classes = {
	};
	objectVersion = 46;
	objects = {

/* Begin PBXBuildFile section */
		57ADDF621A79B7E800D14C65 /* main.m in Sources */ = {isa = PBXBuildFile; fileRef = 57ADDF611A79B7E800D14C65 /* main.m */; };
		57ADDF651A79B7E800D14C65 /* AppDelegate.m in Sources */ = {isa = PBXBuildFile; fileRef = 57ADDF641A79B7E800D14C65 /* AppDelegate.m */; };
		57ADDF681A79B7E800D14C65 /* echos.xcdatamodeld in Sources */ = {isa = PBXBuildFile; fileRef = 57ADDF661A79B7E800D14C65 /* echos.xcdatamodeld */; };
		57ADDF6B1A79B7E800D14C65 /* ViewController.m in Sources */ = {isa = PBXBuildFile; fileRef = 57ADDF6A1A79B7E800D14C65 /* ViewController.m */; };
		57ADDF6E1A79B7E800D14C65 /* Main.storyboard in Resources */ = {isa = PBXBuildFile; fileRef = 57ADDF6C1A79B7E800D14C65 /* Main.storyboard */; };
		57ADDF701A79B7E800D14C65 /* Images.xcassets in Resources */ = {isa = PBXBuildFile; fileRef = 57ADDF6F1A79B7E800D14C65 /* Images.xcassets */; };
		57ADDF731A79B7E800D14C65 /* LaunchScreen.xib in Resources */ = {isa = PBXBuildFile; fileRef = 57ADDF711A79B7E800D14C65 /* LaunchScreen.xib */; };
		57ADDF7F1A79B7E800D14C65 /* echosTests.m in Sources */ = {isa = PBXBuildFile; fileRef = 57ADDF7E1A79B7E800D14C65 /* echosTests.m */; };
/* End PBXBuildFile section */

/* Begin PBXContainerItemProxy section */
		57ADDF791A79B7E800D14C65 /* PBXContainerItemProxy */ = {
			isa = PBXContainerItemProxy;
			containerPortal = 57ADDF541A79B7E800D14C65 /* Project object */;
			proxyType = 1;
			remoteGlobalIDString = 57ADDF5B1A79B7E800D14C65;
			remoteInfo = echos;
		};
/* End PBXContainerItemProxy section */

/* Begin PBXFileReference section */
		57ADDF5C1A79B7E800D14C65 /* echos.app */ = {isa = PBXFileReference; explicitFileType = wrapper.application; includeInIndex = 0; path = echos.app; sourceTree = BUILT_PRODUCTS_DIR; };
		57ADDF601A79B7E800D14C65 /* Info.plist */ = {isa = PBXFileReference; lastKnownFileType = text.plist.xml; path = Info.plist; sourceTree = "<group>"; };
		57ADDF611A79B7E800D14C65 /* main.m */ = {isa = PBXFileReference; lastKnownFileType = sourcecode.c.objc; path = main.m; sourceTree = "<group>"; };
		57ADDF631A79B7E800D14C65 /* AppDelegate.h */ = {isa = PBXFileReference; lastKnownFileType = sourcecode.c.h; path = AppDelegate.h; sourceTree = "<group>"; };
		57ADDF641A79B7E800D14C65 /* AppDelegate.m */ = {isa = PBXFileReference; lastKnownFileType = sourcecode.c.objc; path = AppDelegate.m; sourceTree = "<group>"; };
		57ADDF671A79B7E800D14C65 /* echos.xcdatamodel */ = {isa = PBXFileReference; lastKnownFileType = wrapper.xcdatamodel; path = echos.xcdatamodel; sourceTree = "<group>"; };
		57ADDF691A79B7E800D14C65 /* ViewController.h */ = {isa = PBXFileReference; lastKnownFileType = sourcecode.c.h; path = ViewController.h; sourceTree = "<group>"; };
		57ADDF6A1A79B7E800D14C65 /* ViewController.m */ = {isa = PBXFileReference; lastKnownFileType = sourcecode.c.objc; path = ViewController.m; sourceTree = "<group>"; };
		57ADDF6D1A79B7E800D14C65 /* Base */ = {isa = PBXFileReference; lastKnownFileType = file.storyboard; name = Base; path = Base.lproj/Main.storyboard; sourceTree = "<group>"; };
		57ADDF6F1A79B7E800D14C65 /* Images.xcassets */ = {isa = PBXFileReference; lastKnownFileType = folder.assetcatalog; path = Images.xcassets; sourceTree = "<group>"; };
		57ADDF721A79B7E800D14C65 /* Base */ = {isa = PBXFileReference; lastKnownFileType = file.xib; name = Base; path = Base.lproj/LaunchScreen.xib; sourceTree = "<group>"; };
		57ADDF781A79B7E800D14C65 /* echosTests.xctest */ = {isa = PBXFileReference; explicitFileType = wrapper.cfbundle; includeInIndex = 0; path = echosTests.xctest; sourceTree = BUILT_PRODUCTS_DIR; };
		57ADDF7D1A79B7E800D14C65 /* Info.plist */ = {isa = PBXFileReference; lastKnownFileType = text.plist.xml; path = Info.plist; sourceTree = "<group>"; };
		57ADDF7E1A79B7E800D14C65 /* echosTests.m */ = {isa = PBXFileReference; lastKnownFileType = sourcecode.c.objc; path = echosTests.m; sourceTree = "<group>"; };
/* End PBXFileReference section */

/* Begin PBXFrameworksBuildPhase section */
		57ADDF591A79B7E800D14C65 /* Frameworks */ = {
			isa = PBXFrameworksBuildPhase;
			buildActionMask = 2147483647;
			files = (
			);
			runOnlyForDeploymentPostprocessing = 0;
		};
		57ADDF751A79B7E800D14C65 /* Frameworks */ = {
			isa = PBXFrameworksBuildPhase;
			buildActionMask = 2147483647;
			files = (
			);
			runOnlyForDeploymentPostprocessing = 0;
		};
/* End PBXFrameworksBuildPhase section */

/* Begin PBXGroup section */
		57ADDF531A79B7E800D14C65 = {
			isa = PBXGroup;
			children = (
				57ADDF5E1A79B7E800D14C65 /* echos */,
				57ADDF7B1A79B7E800D14C65 /* echosTests */,
				57ADDF5D1A79B7E800D14C65 /* Products */,
			);
			sourceTree = "<group>";
		};
		57ADDF5D1A79B7E800D14C65 /* Products */ = {
			isa = PBXGroup;
			children = (
				57ADDF5C1A79B7E800D14C65 /* echos.app */,
				57ADDF781A79B7E800D14C65 /* echosTests.xctest */,
			);
			name = Products;
			sourceTree = "<group>";
		};
		57ADDF5E1A79B7E800D14C65 /* echos */ = {
			isa = PBXGroup;
			children = (
				57ADDF631A79B7E800D14C65 /* AppDelegate.h */,
				57ADDF641A79B7E800D14C65 /* AppDelegate.m */,
				57ADDF691A79B7E800D14C65 /* ViewController.h */,
				57ADDF6A1A79B7E800D14C65 /* ViewController.m */,
				57ADDF6C1A79B7E800D14C65 /* Main.storyboard */,
				57ADDF6F1A79B7E800D14C65 /* Images.xcassets */,
				57ADDF711A79B7E800D14C65 /* LaunchScreen.xib */,
				57ADDF661A79B7E800D14C65 /* echos.xcdatamodeld */,
				57ADDF5F1A79B7E800D14C65 /* Supporting Files */,
			);
			path = echos;
			sourceTree = "<group>";
		};
		57ADDF5F1A79B7E800D14C65 /* Supporting Files */ = {
			isa = PBXGroup;
			children = (
				57ADDF601A79B7E800D14C65 /* Info.plist */,
				57ADDF611A79B7E800D14C65 /* main.m */,
			);
			name = "Supporting Files";
			sourceTree = "<group>";
		};
		57ADDF7B1A79B7E800D14C65 /* echosTests */ = {
			isa = PBXGroup;
			children = (
				57ADDF7E1A79B7E800D14C65 /* echosTests.m */,
				57ADDF7C1A79B7E800D14C65 /* Supporting Files */,
			);
			path = echosTests;
			sourceTree = "<group>";
		};
		57ADDF7C1A79B7E800D14C65 /* Supporting Files */ = {
			isa = PBXGroup;
			children = (
				57ADDF7D1A79B7E800D14C65 /* Info.plist */,
			);
			name = "Supporting Files";
			sourceTree = "<group>";
		};
/* End PBXGroup section */

/* Begin PBXNativeTarget section */
		57ADDF5B1A79B7E800D14C65 /* echos */ = {
			isa = PBXNativeTarget;
			buildConfigurationList = 57ADDF821A79B7E800D14C65 /* Build configuration list for PBXNativeTarget "echos" */;
			buildPhases = (
				57ADDF581A79B7E800D14C65 /* Sources */,
				57ADDF591A79B7E800D14C65 /* Frameworks */,
				57ADDF5A1A79B7E800D14C65 /* Resources */,
			);
			buildRules = (
			);
			dependencies = (
			);
			name = echos;
			productName = echos;
			productReference = 57ADDF5C1A79B7E800D14C65 /* echos.app */;
			productType = "com.apple.product-type.application";
		};
		57ADDF771A79B7E800D14C65 /* echosTests */ = {
			isa = PBXNativeTarget;
			buildConfigurationList = 57ADDF851A79B7E800D14C65 /* Build configuration list for PBXNativeTarget "echosTests" */;
			buildPhases = (
				57ADDF741A79B7E800D14C65 /* Sources */,
				57ADDF751A79B7E800D14C65 /* Frameworks */,
				57ADDF761A79B7E800D14C65 /* Resources */,
			);
			buildRules = (
			);
			dependencies = (
				57ADDF7A1A79B7E800D14C65 /* PBXTargetDependency */,
			);
			name = echosTests;
			productName = echosTests;
			productReference = 57ADDF781A79B7E800D14C65 /* echosTests.xctest */;
			productType = "com.apple.product-type.bundle.unit-test";
		};
/* End PBXNativeTarget section */

/* Begin PBXProject section */
		57ADDF541A79B7E800D14C65 /* Project object */ = {
			isa = PBXProject;
			attributes = {
				LastUpgradeCheck = 0610;
				ORGANIZATIONNAME = echosapp;
				TargetAttributes = {
					57ADDF5B1A79B7E800D14C65 = {
						CreatedOnToolsVersion = 6.1.1;
					};
					57ADDF771A79B7E800D14C65 = {
						CreatedOnToolsVersion = 6.1.1;
						TestTargetID = 57ADDF5B1A79B7E800D14C65;
					};
				};
			};
			buildConfigurationList = 57ADDF571A79B7E800D14C65 /* Build configuration list for PBXProject "echos" */;
			compatibilityVersion = "Xcode 3.2";
			developmentRegion = English;
			hasScannedForEncodings = 0;
			knownRegions = (
				en,
				Base,
			);
			mainGroup = 57ADDF531A79B7E800D14C65;
			productRefGroup = 57ADDF5D1A79B7E800D14C65 /* Products */;
			projectDirPath = "";
			projectRoot = "";
			targets = (
				57ADDF5B1A79B7E800D14C65 /* echos */,
				57ADDF771A79B7E800D14C65 /* echosTests */,
			);
		};
/* End PBXProject section */

/* Begin PBXResourcesBuildPhase section */
		57ADDF5A1A79B7E800D14C65 /* Resources */ = {
			isa = PBXResourcesBuildPhase;
			buildActionMask = 2147483647;
			files = (
				57ADDF6E1A79B7E800D14C65 /* Main.storyboard in Resources */,
				57ADDF731A79B7E800D14C65 /* LaunchScreen.xib in Resources */,
				57ADDF701A79B7E800D14C65 /* Images.xcassets in Resources */,
			);
			runOnlyForDeploymentPostprocessing = 0;
		};
		57ADDF761A79B7E800D14C65 /* Resources */ = {
			isa = PBXResourcesBuildPhase;
			buildActionMask = 2147483647;
			files = (
			);
			runOnlyForDeploymentPostprocessing = 0;
		};
/* End PBXResourcesBuildPhase section */

/* Begin PBXSourcesBuildPhase section */
		57ADDF581A79B7E800D14C65 /* Sources */ = {
			isa = PBXSourcesBuildPhase;
			buildActionMask = 2147483647;
			files = (
				57ADDF681A79B7E800D14C65 /* echos.xcdatamodeld in Sources */,
				57ADDF651A79B7E800D14C65 /* AppDelegate.m in Sources */,
				57ADDF6B1A79B7E800D14C65 /* ViewController.m in Sources */,
				57ADDF621A79B7E800D14C65 /* main.m in Sources */,
			);
			runOnlyForDeploymentPostprocessing = 0;
		};
		57ADDF741A79B7E800D14C65 /* Sources */ = {
			isa = PBXSourcesBuildPhase;
			buildActionMask = 2147483647;
			files = (
				57ADDF7F1A79B7E800D14C65 /* echosTests.m in Sources */,
			);
			runOnlyForDeploymentPostprocessing = 0;
		};
/* End PBXSourcesBuildPhase section */

/* Begin PBXTargetDependency section */
		57ADDF7A1A79B7E800D14C65 /* PBXTargetDependency */ = {
			isa = PBXTargetDependency;
			target = 57ADDF5B1A79B7E800D14C65 /* echos */;
			targetProxy = 57ADDF791A79B7E800D14C65 /* PBXContainerItemProxy */;
		};
/* End PBXTargetDependency section */

/* Begin PBXVariantGroup section */
		57ADDF6C1A79B7E800D14C65 /* Main.storyboard */ = {
			isa = PBXVariantGroup;
			children = (
				57ADDF6D1A79B7E800D14C65 /* Base */,
			);
			name = Main.storyboard;
			sourceTree = "<group>";
		};
		57ADDF711A79B7E800D14C65 /* LaunchScreen.xib */ = {
			isa = PBXVariantGroup;
			children = (
				57ADDF721A79B7E800D14C65 /* Base */,
			);
			name = LaunchScreen.xib;
			sourceTree = "<group>";
		};
/* End PBXVariantGroup section */

/* Begin XCBuildConfiguration section */
		57ADDF801A79B7E800D14C65 /* Debug */ = {
			isa = XCBuildConfiguration;
			buildSettings = {
				ALWAYS_SEARCH_USER_PATHS = NO;
				CLANG_CXX_LANGUAGE_STANDARD = "gnu++0x";
				CLANG_CXX_LIBRARY = "libc++";
				CLANG_ENABLE_MODULES = YES;
				CLANG_ENABLE_OBJC_ARC = YES;
				CLANG_WARN_BOOL_CONVERSION = YES;
				CLANG_WARN_CONSTANT_CONVERSION = YES;
				CLANG_WARN_DIRECT_OBJC_ISA_USAGE = YES_ERROR;
				CLANG_WARN_EMPTY_BODY = YES;
				CLANG_WARN_ENUM_CONVERSION = YES;
				CLANG_WARN_INT_CONVERSION = YES;
				CLANG_WARN_OBJC_ROOT_CLASS = YES_ERROR;
				CLANG_WARN_UNREACHABLE_CODE = YES;
				CLANG_WARN__DUPLICATE_METHOD_MATCH = YES;
				"CODE_SIGN_IDENTITY[sdk=iphoneos*]" = "iPhone Developer";
				COPY_PHASE_STRIP = NO;
				ENABLE_STRICT_OBJC_MSGSEND = YES;
				GCC_C_LANGUAGE_STANDARD = gnu99;
				GCC_DYNAMIC_NO_PIC = NO;
				GCC_OPTIMIZATION_LEVEL = 0;
				GCC_PREPROCESSOR_DEFINITIONS = (
					"DEBUG=1",
					"$(inherited)",
				);
				GCC_SYMBOLS_PRIVATE_EXTERN = NO;
				GCC_WARN_64_TO_32_BIT_CONVERSION = YES;
				GCC_WARN_ABOUT_RETURN_TYPE = YES_ERROR;
				GCC_WARN_UNDECLARED_SELECTOR = YES;
				GCC_WARN_UNINITIALIZED_AUTOS = YES_AGGRESSIVE;
				GCC_WARN_UNUSED_FUNCTION = YES;
				GCC_WARN_UNUSED_VARIABLE = YES;
				IPHONEOS_DEPLOYMENT_TARGET = 8.1;
				MTL_ENABLE_DEBUG_INFO = YES;
				ONLY_ACTIVE_ARCH = YES;
				SDKROOT = iphoneos;
			};
			name = Debug;
		};
		57ADDF811A79B7E800D14C65 /* Release */ = {
			isa = XCBuildConfiguration;
			buildSettings = {
				ALWAYS_SEARCH_USER_PATHS = NO;
				CLANG_CXX_LANGUAGE_STANDARD = "gnu++0x";
				CLANG_CXX_LIBRARY = "libc++";
				CLANG_ENABLE_MODULES = YES;
				CLANG_ENABLE_OBJC_ARC = YES;
				CLANG_WARN_BOOL_CONVERSION = YES;
				CLANG_WARN_CONSTANT_CONVERSION = YES;
				CLANG_WARN_DIRECT_OBJC_ISA_USAGE = YES_ERROR;
				CLANG_WARN_EMPTY_BODY = YES;
				CLANG_WARN_ENUM_CONVERSION = YES;
				CLANG_WARN_INT_CONVERSION = YES;
				CLANG_WARN_OBJC_ROOT_CLASS = YES_ERROR;
				CLANG_WARN_UNREACHABLE_CODE = YES;
				CLANG_WARN__DUPLICATE_METHOD_MATCH = YES;
				"CODE_SIGN_IDENTITY[sdk=iphoneos*]" = "iPhone Developer";
				COPY_PHASE_STRIP = YES;
				ENABLE_NS_ASSERTIONS = NO;
				ENABLE_STRICT_OBJC_MSGSEND = YES;
				GCC_C_LANGUAGE_STANDARD = gnu99;
				GCC_WARN_64_TO_32_BIT_CONVERSION = YES;
				GCC_WARN_ABOUT_RETURN_TYPE = YES_ERROR;
				GCC_WARN_UNDECLARED_SELECTOR = YES;
				GCC_WARN_UNINITIALIZED_AUTOS = YES_AGGRESSIVE;
				GCC_WARN_UNUSED_FUNCTION = YES;
				GCC_WARN_UNUSED_VARIABLE = YES;
				IPHONEOS_DEPLOYMENT_TARGET = 8.1;
				MTL_ENABLE_DEBUG_INFO = NO;
				SDKROOT = iphoneos;
				VALIDATE_PRODUCT = YES;
			};
			name = Release;
		};
		57ADDF831A79B7E800D14C65 /* Debug */ = {
			isa = XCBuildConfiguration;
			buildSettings = {
				ASSETCATALOG_COMPILER_APPICON_NAME = AppIcon;
				INFOPLIST_FILE = echos/Info.plist;
				LD_RUNPATH_SEARCH_PATHS = "$(inherited) @executable_path/Frameworks";
				PRODUCT_NAME = "$(TARGET_NAME)";
			};
			name = Debug;
		};
		57ADDF841A79B7E800D14C65 /* Release */ = {
			isa = XCBuildConfiguration;
			buildSettings = {
				ASSETCATALOG_COMPILER_APPICON_NAME = AppIcon;
				INFOPLIST_FILE = echos/Info.plist;
				LD_RUNPATH_SEARCH_PATHS = "$(inherited) @executable_path/Frameworks";
				PRODUCT_NAME = "$(TARGET_NAME)";
			};
			name = Release;
		};
		57ADDF861A79B7E800D14C65 /* Debug */ = {
			isa = XCBuildConfiguration;
			buildSettings = {
				BUNDLE_LOADER = "$(TEST_HOST)";
				FRAMEWORK_SEARCH_PATHS = (
					"$(SDKROOT)/Developer/Library/Frameworks",
					"$(inherited)",
				);
				GCC_PREPROCESSOR_DEFINITIONS = (
					"DEBUG=1",
					"$(inherited)",
				);
				INFOPLIST_FILE = echosTests/Info.plist;
				LD_RUNPATH_SEARCH_PATHS = "$(inherited) @executable_path/Frameworks @loader_path/Frameworks";
				PRODUCT_NAME = "$(TARGET_NAME)";
				TEST_HOST = "$(BUILT_PRODUCTS_DIR)/echos.app/echos";
			};
			name = Debug;
		};
		57ADDF871A79B7E800D14C65 /* Release */ = {
			isa = XCBuildConfiguration;
			buildSettings = {
				BUNDLE_LOADER = "$(TEST_HOST)";
				FRAMEWORK_SEARCH_PATHS = (
					"$(SDKROOT)/Developer/Library/Frameworks",
					"$(inherited)",
				);
				INFOPLIST_FILE = echosTests/Info.plist;
				LD_RUNPATH_SEARCH_PATHS = "$(inherited) @executable_path/Frameworks @loader_path/Frameworks";
				PRODUCT_NAME = "$(TARGET_NAME)";
				TEST_HOST = "$(BUILT_PRODUCTS_DIR)/echos.app/echos";
			};
			name = Release;
		};
/* End XCBuildConfiguration section */

/* Begin XCConfigurationList section */
		57ADDF571A79B7E800D14C65 /* Build configuration list for PBXProject "echos" */ = {
			isa = XCConfigurationList;
			buildConfigurations = (
				57ADDF801A79B7E800D14C65 /* Debug */,
				57ADDF811A79B7E800D14C65 /* Release */,
			);
			defaultConfigurationIsVisible = 0;
			defaultConfigurationName = Release;
		};
		57ADDF821A79B7E800D14C65 /* Build configuration list for PBXNativeTarget "echos" */ = {
			isa = XCConfigurationList;
			buildConfigurations = (
				57ADDF831A79B7E800D14C65 /* Debug */,
				57ADDF841A79B7E800D14C65 /* Release */,
			);
			defaultConfigurationIsVisible = 0;
		};
		57ADDF851A79B7E800D14C65 /* Build configuration list for PBXNativeTarget "echosTests" */ = {
			isa = XCConfigurationList;
			buildConfigurations = (
				57ADDF861A79B7E800D14C65 /* Debug */,
				57ADDF871A79B7E800D14C65 /* Release */,
			);
			defaultConfigurationIsVisible = 0;
		};
/* End XCConfigurationList section */

/* Begin XCVersionGroup section */
		57ADDF661A79B7E800D14C65 /* echos.xcdatamodeld */ = {
			isa = XCVersionGroup;
			children = (
				57ADDF671A79B7E800D14C65 /* echos.xcdatamodel */,
			);
			currentVersion = 57ADDF671A79B7E800D14C65 /* echos.xcdatamodel */;
			path = echos.xcdatamodeld;
			sourceTree = "<group>";
			versionGroupType = wrapper.xcdatamodel;
		};
/* End XCVersionGroup section */
	};
	rootObject = 57ADDF541A79B7E800D14C65 /* Project object */;
}
