PODS:
  - AFNetworkActivityLogger (2.0.4):
    - AFNetworking/NSURLConnection (~> 2.0)
    - AFNetworking/NSURLSession (~> 2.0)
  - AFNetworking (2.5.1):
    - AFNetworking/NSURLConnection (= 2.5.1)
    - AFNetworking/NSURLSession (= 2.5.1)
    - AFNetworking/Reachability (= 2.5.1)
    - AFNetworking/Security (= 2.5.1)
    - AFNetworking/Serialization (= 2.5.1)
    - AFNetworking/UIKit (= 2.5.1)
  - AFNetworking/NSURLConnection (2.5.1):
    - AFNetworking/Reachability
    - AFNetworking/Security
    - AFNetworking/Serialization
  - AFNetworking/NSURLSession (2.5.1):
    - AFNetworking/Reachability
    - AFNetworking/Security
    - AFNetworking/Serialization
  - AFNetworking/Reachability (2.5.1)
  - AFNetworking/Security (2.5.1)
  - AFNetworking/Serialization (2.5.1)
  - AFNetworking/UIKit (2.5.1):
    - AFNetworking/NSURLConnection
    - AFNetworking/NSURLSession
  - CountryPicker (1.2.3)
  - libPhoneNumber-iOS (0.8.3)
  - Shimmer (1.0.2)
  - SSKeychain (1.2.2)

DEPENDENCIES:
  - AFNetworkActivityLogger (~> 2.0)
  - AFNetworking (~> 2.4)
  - CountryPicker (~> 1.2)
  - libPhoneNumber-iOS (~> 0.7)
  - Shimmer (~> 1.0)
  - SSKeychain

SPEC CHECKSUMS:
  AFNetworkActivityLogger: cdaa92ea0d544835babe0ba097e7806182d8f837
  AFNetworking: 8bee59492a6ff15d69130efa4d0dc67e0094a52a
  CountryPicker: f75fcb322007ffd2eae728a9e0c407ad60c0593e
  libPhoneNumber-iOS: 640f078c832d2ded97ae24134bc009c3300686e3
  Shimmer: 057fcfe9c1c978d69d50b64fce93a61080cd08ec
  SSKeychain: cc48bd3ad24fcd9125adb9e0d23dd50b8bbd08b9

COCOAPODS: 0.35.0
